
Microsoft Visual Studio Solution File, Format Version 12.00
# Visual Studio Version 17
VisualStudioVersion = 17.13.35828.75 d17.13
MinimumVisualStudioVersion = 10.0.40219.1
Project("{FAE04EC0-301F-11D3-BF4B-00C04F79EFBC}") = "PersonalDiaryApp", "PersonalDiaryApp\PersonalDiaryApp.csproj", "{6DC6541A-9220-4020-9369-77A302DAEA8A}"
EndProject
Global
	GlobalSection(SolutionConfigurationPlatforms) = preSolution
		Debug|Any CPU = Debug|Any CPU
		Release|Any CPU = Release|Any CPU
	EndGlobalSection
	GlobalSection(ProjectConfigurationPlatforms) = postSolution
		{6DC6541A-9220-4020-9369-77A302DAEA8A}.Debug|Any CPU.ActiveCfg = Debug|Any CPU
		{6DC6541A-9220-4020-9369-77A302DAEA8A}.Debug|Any CPU.Build.0 = Debug|Any CPU
		{6DC6541A-9220-4020-9369-77A302DAEA8A}.Release|Any CPU.ActiveCfg = Release|Any CPU
		{6DC6541A-9220-4020-9369-77A302DAEA8A}.Release|Any CPU.Build.0 = Release|Any CPU
	EndGlobalSection
	GlobalSection(SolutionProperties) = preSolution
		HideSolutionNode = FALSE
	EndGlobalSection
	GlobalSection(ExtensibilityGlobals) = postSolution
		SolutionGuid = {EA2F5483-3D5B-47F1-BB2A-94FA368AE666}
	EndGlobalSection
EndGlobal
